
Microsoft Visual Studio Solution File, Format Version 12.00
# Visual Studio Version 17
VisualStudioVersion = 17.1.32421.90
MinimumVisualStudioVersion = 10.0.40219.1
Project("{FAE04EC0-301F-11D3-BF4B-00C04F79EFBC}") = "MainConsole", "MainConsole\MainConsole.csproj", "{4E367715-99FD-4672-AEE3-578B7E634C0B}"
EndProject
Global
	GlobalSection(SolutionConfigurationPlatforms) = preSolution
		Debug|Any CPU = Debug|Any CPU
		Release|Any CPU = Release|Any CPU
	EndGlobalSection
	GlobalSection(ProjectConfigurationPlatforms) = postSolution
		{4E367715-99FD-4672-AEE3-578B7E634C0B}.Debug|Any CPU.ActiveCfg = Debug|Any CPU
		{4E367715-99FD-4672-AEE3-578B7E634C0B}.Debug|Any CPU.Build.0 = Debug|Any CPU
		{4E367715-99FD-4672-AEE3-578B7E634C0B}.Release|Any CPU.ActiveCfg = Release|Any CPU
		{4E367715-99FD-4672-AEE3-578B7E634C0B}.Release|Any CPU.Build.0 = Release|Any CPU
	EndGlobalSection
	GlobalSection(SolutionProperties) = preSolution
		HideSolutionNode = FALSE
	EndGlobalSection
	GlobalSection(ExtensibilityGlobals) = postSolution
		SolutionGuid = {7B44EAD6-A698-45D5-9CFD-74CF60D0BA0D}
	EndGlobalSection
EndGlobal
